
Microsoft Visual Studio Solution File, Format Version 12.00
# Visual Studio Version 17
VisualStudioVersion = 17.4.33213.308
MinimumVisualStudioVersion = 10.0.40219.1
Project("{FAE04EC0-301F-11D3-BF4B-00C04F79EFBC}") = "ChooseYourOwnAdventure", "ChooseYourOwnAdventure\ChooseYourOwnAdventure.csproj", "{479FFD39-BB42-4AAB-9E92-CD7B9C8AE7AD}"
EndProject
Global
	GlobalSection(SolutionConfigurationPlatforms) = preSolution
		Debug|Any CPU = Debug|Any CPU
		Release|Any CPU = Release|Any CPU
	EndGlobalSection
	GlobalSection(ProjectConfigurationPlatforms) = postSolution
		{479FFD39-BB42-4AAB-9E92-CD7B9C8AE7AD}.Debug|Any CPU.ActiveCfg = Debug|Any CPU
		{479FFD39-BB42-4AAB-9E92-CD7B9C8AE7AD}.Debug|Any CPU.Build.0 = Debug|Any CPU
		{479FFD39-BB42-4AAB-9E92-CD7B9C8AE7AD}.Release|Any CPU.ActiveCfg = Release|Any CPU
		{479FFD39-BB42-4AAB-9E92-CD7B9C8AE7AD}.Release|Any CPU.Build.0 = Release|Any CPU
	EndGlobalSection
	GlobalSection(SolutionProperties) = preSolution
		HideSolutionNode = FALSE
	EndGlobalSection
	GlobalSection(ExtensibilityGlobals) = postSolution
		SolutionGuid = {6DEED945-1337-433B-9D94-ABF42738FB77}
	EndGlobalSection
EndGlobal
